// !$*UTF8*$!
{
	archiveVersion = 1;
	classes = {
	};
	objectVersion = 46;
	objects = {

/* Begin PBXBuildFile section */
		AACCF67B1DF088B7003E3B69 /* main.swift in Sources */ = {isa = PBXBuildFile; fileRef = AACCF67A1DF088B7003E3B69 /* main.swift */; };
		AACCF6881DF088F2003E3B69 /* day1_1_tests.swift in Sources */ = {isa = PBXBuildFile; fileRef = AACCF6871DF088F2003E3B69 /* day1_1_tests.swift */; };
		AACCF68E1DF09134003E3B69 /* day1.swift in Sources */ = {isa = PBXBuildFile; fileRef = AACCF68D1DF09134003E3B69 /* day1.swift */; };
		AACCF68F1DF09134003E3B69 /* day1.swift in Sources */ = {isa = PBXBuildFile; fileRef = AACCF68D1DF09134003E3B69 /* day1.swift */; };
/* End PBXBuildFile section */

/* Begin PBXCopyFilesBuildPhase section */
		AACCF6751DF088B7003E3B69 /* CopyFiles */ = {
			isa = PBXCopyFilesBuildPhase;
			buildActionMask = 2147483647;
			dstPath = /usr/share/man/man1/;
			dstSubfolderSpec = 0;
			files = (
			);
			runOnlyForDeploymentPostprocessing = 1;
		};
/* End PBXCopyFilesBuildPhase section */

/* Begin PBXFileReference section */
		AACCF6771DF088B7003E3B69 /* day1-1 */ = {isa = PBXFileReference; explicitFileType = "compiled.mach-o.executable"; includeInIndex = 0; path = "day1-1"; sourceTree = BUILT_PRODUCTS_DIR; };
		AACCF67A1DF088B7003E3B69 /* main.swift */ = {isa = PBXFileReference; lastKnownFileType = sourcecode.swift; path = main.swift; sourceTree = "<group>"; };
		AACCF6851DF088F2003E3B69 /* day1-1_tests.xctest */ = {isa = PBXFileReference; explicitFileType = wrapper.cfbundle; includeInIndex = 0; path = "day1-1_tests.xctest"; sourceTree = BUILT_PRODUCTS_DIR; };
		AACCF6871DF088F2003E3B69 /* day1_1_tests.swift */ = {isa = PBXFileReference; lastKnownFileType = sourcecode.swift; path = day1_1_tests.swift; sourceTree = "<group>"; };
		AACCF6891DF088F2003E3B69 /* Info.plist */ = {isa = PBXFileReference; lastKnownFileType = text.plist.xml; path = Info.plist; sourceTree = "<group>"; };
		AACCF68D1DF09134003E3B69 /* day1.swift */ = {isa = PBXFileReference; fileEncoding = 4; lastKnownFileType = sourcecode.swift; path = day1.swift; sourceTree = "<group>"; };
/* End PBXFileReference section */

/* Begin PBXFrameworksBuildPhase section */
		AACCF6741DF088B7003E3B69 /* Frameworks */ = {
			isa = PBXFrameworksBuildPhase;
			buildActionMask = 2147483647;
			files = (
			);
			runOnlyForDeploymentPostprocessing = 0;
		};
		AACCF6821DF088F2003E3B69 /* Frameworks */ = {
			isa = PBXFrameworksBuildPhase;
			buildActionMask = 2147483647;
			files = (
			);
			runOnlyForDeploymentPostprocessing = 0;
		};
/* End PBXFrameworksBuildPhase section */

/* Begin PBXGroup section */
		AACCF66E1DF088B7003E3B69 = {
			isa = PBXGroup;
			children = (
				AACCF6791DF088B7003E3B69 /* day1-1 */,
				AACCF6861DF088F2003E3B69 /* day1-1_tests */,
				AACCF6781DF088B7003E3B69 /* Products */,
			);
			sourceTree = "<group>";
		};
		AACCF6781DF088B7003E3B69 /* Products */ = {
			isa = PBXGroup;
			children = (
				AACCF6771DF088B7003E3B69 /* day1-1 */,
				AACCF6851DF088F2003E3B69 /* day1-1_tests.xctest */,
			);
			name = Products;
			sourceTree = "<group>";
		};
		AACCF6791DF088B7003E3B69 /* day1-1 */ = {
			isa = PBXGroup;
			children = (
				AACCF67A1DF088B7003E3B69 /* main.swift */,
				AACCF68D1DF09134003E3B69 /* day1.swift */,
			);
			path = "day1-1";
			sourceTree = "<group>";
		};
		AACCF6861DF088F2003E3B69 /* day1-1_tests */ = {
			isa = PBXGroup;
			children = (
				AACCF6871DF088F2003E3B69 /* day1_1_tests.swift */,
				AACCF6891DF088F2003E3B69 /* Info.plist */,
			);
			path = "day1-1_tests";
			sourceTree = "<group>";
		};
/* End PBXGroup section */

/* Begin PBXNativeTarget section */
		AACCF6761DF088B7003E3B69 /* day1-1 */ = {
			isa = PBXNativeTarget;
			buildConfigurationList = AACCF67E1DF088B7003E3B69 /* Build configuration list for PBXNativeTarget "day1-1" */;
			buildPhases = (
				AACCF6731DF088B7003E3B69 /* Sources */,
				AACCF6741DF088B7003E3B69 /* Frameworks */,
				AACCF6751DF088B7003E3B69 /* CopyFiles */,
			);
			buildRules = (
			);
			dependencies = (
			);
			name = "day1-1";
			productName = "day1-1";
			productReference = AACCF6771DF088B7003E3B69 /* day1-1 */;
			productType = "com.apple.product-type.tool";
		};
		AACCF6841DF088F2003E3B69 /* day1-1_tests */ = {
			isa = PBXNativeTarget;
			buildConfigurationList = AACCF68A1DF088F2003E3B69 /* Build configuration list for PBXNativeTarget "day1-1_tests" */;
			buildPhases = (
				AACCF6811DF088F2003E3B69 /* Sources */,
				AACCF6821DF088F2003E3B69 /* Frameworks */,
				AACCF6831DF088F2003E3B69 /* Resources */,
			);
			buildRules = (
			);
			dependencies = (
			);
			name = "day1-1_tests";
			productName = "day1-1_tests";
			productReference = AACCF6851DF088F2003E3B69 /* day1-1_tests.xctest */;
			productType = "com.apple.product-type.bundle.unit-test";
		};
/* End PBXNativeTarget section */

/* Begin PBXProject section */
		AACCF66F1DF088B7003E3B69 /* Project object */ = {
			isa = PBXProject;
			attributes = {
				LastSwiftUpdateCheck = 0810;
				LastUpgradeCheck = 0810;
				ORGANIZATIONNAME = "Steve Gravrock";
				TargetAttributes = {
					AACCF6761DF088B7003E3B69 = {
						CreatedOnToolsVersion = 8.1;
						ProvisioningStyle = Automatic;
					};
					AACCF6841DF088F2003E3B69 = {
						CreatedOnToolsVersion = 8.1;
						ProvisioningStyle = Automatic;
					};
				};
			};
			buildConfigurationList = AACCF6721DF088B7003E3B69 /* Build configuration list for PBXProject "day1-1" */;
			compatibilityVersion = "Xcode 3.2";
			developmentRegion = English;
			hasScannedForEncodings = 0;
			knownRegions = (
				en,
			);
			mainGroup = AACCF66E1DF088B7003E3B69;
			productRefGroup = AACCF6781DF088B7003E3B69 /* Products */;
			projectDirPath = "";
			projectRoot = "";
			targets = (
				AACCF6761DF088B7003E3B69 /* day1-1 */,
				AACCF6841DF088F2003E3B69 /* day1-1_tests */,
			);
		};
/* End PBXProject section */

/* Begin PBXResourcesBuildPhase section */
		AACCF6831DF088F2003E3B69 /* Resources */ = {
			isa = PBXResourcesBuildPhase;
			buildActionMask = 2147483647;
			files = (
			);
			runOnlyForDeploymentPostprocessing = 0;
		};
/* End PBXResourcesBuildPhase section */

/* Begin PBXSourcesBuildPhase section */
		AACCF6731DF088B7003E3B69 /* Sources */ = {
			isa = PBXSourcesBuildPhase;
			buildActionMask = 2147483647;
			files = (
				AACCF68E1DF09134003E3B69 /* day1.swift in Sources */,
				AACCF67B1DF088B7003E3B69 /* main.swift in Sources */,
			);
			runOnlyForDeploymentPostprocessing = 0;
		};
		AACCF6811DF088F2003E3B69 /* Sources */ = {
			isa = PBXSourcesBuildPhase;
			buildActionMask = 2147483647;
			files = (
				AACCF68F1DF09134003E3B69 /* day1.swift in Sources */,
				AACCF6881DF088F2003E3B69 /* day1_1_tests.swift in Sources */,
			);
			runOnlyForDeploymentPostprocessing = 0;
		};
/* End PBXSourcesBuildPhase section */

/* Begin XCBuildConfiguration section */
		AACCF67C1DF088B7003E3B69 /* Debug */ = {
			isa = XCBuildConfiguration;
			buildSettings = {
				ALWAYS_SEARCH_USER_PATHS = NO;
				CLANG_ANALYZER_NONNULL = YES;
				CLANG_CXX_LANGUAGE_STANDARD = "gnu++0x";
				CLANG_CXX_LIBRARY = "libc++";
				CLANG_ENABLE_MODULES = YES;
				CLANG_ENABLE_OBJC_ARC = YES;
				CLANG_WARN_BOOL_CONVERSION = YES;
				CLANG_WARN_CONSTANT_CONVERSION = YES;
				CLANG_WARN_DIRECT_OBJC_ISA_USAGE = YES_ERROR;
				CLANG_WARN_DOCUMENTATION_COMMENTS = YES;
				CLANG_WARN_EMPTY_BODY = YES;
				CLANG_WARN_ENUM_CONVERSION = YES;
				CLANG_WARN_INFINITE_RECURSION = YES;
				CLANG_WARN_INT_CONVERSION = YES;
				CLANG_WARN_OBJC_ROOT_CLASS = YES_ERROR;
				CLANG_WARN_SUSPICIOUS_MOVES = YES;
				CLANG_WARN_UNREACHABLE_CODE = YES;
				CLANG_WARN__DUPLICATE_METHOD_MATCH = YES;
				CODE_SIGN_IDENTITY = "-";
				COPY_PHASE_STRIP = NO;
				DEBUG_INFORMATION_FORMAT = dwarf;
				ENABLE_STRICT_OBJC_MSGSEND = YES;
				ENABLE_TESTABILITY = YES;
				GCC_C_LANGUAGE_STANDARD = gnu99;
				GCC_DYNAMIC_NO_PIC = NO;
				GCC_NO_COMMON_BLOCKS = YES;
				GCC_OPTIMIZATION_LEVEL = 0;
				GCC_PREPROCESSOR_DEFINITIONS = (
					"DEBUG=1",
					"$(inherited)",
				);
				GCC_WARN_64_TO_32_BIT_CONVERSION = YES;
				GCC_WARN_ABOUT_RETURN_TYPE = YES_ERROR;
				GCC_WARN_UNDECLARED_SELECTOR = YES;
				GCC_WARN_UNINITIALIZED_AUTOS = YES_AGGRESSIVE;
				GCC_WARN_UNUSED_FUNCTION = YES;
				GCC_WARN_UNUSED_VARIABLE = YES;
				MACOSX_DEPLOYMENT_TARGET = 10.11;
				MTL_ENABLE_DEBUG_INFO = YES;
				ONLY_ACTIVE_ARCH = YES;
				SDKROOT = macosx;
				SWIFT_OPTIMIZATION_LEVEL = "-Onone";
			};
			name = Debug;
		};
		AACCF67D1DF088B7003E3B69 /* Release */ = {
			isa = XCBuildConfiguration;
			buildSettings = {
				ALWAYS_SEARCH_USER_PATHS = NO;
				CLANG_ANALYZER_NONNULL = YES;
				CLANG_CXX_LANGUAGE_STANDARD = "gnu++0x";
				CLANG_CXX_LIBRARY = "libc++";
				CLANG_ENABLE_MODULES = YES;
				CLANG_ENABLE_OBJC_ARC = YES;
				CLANG_WARN_BOOL_CONVERSION = YES;
				CLANG_WARN_CONSTANT_CONVERSION = YES;
				CLANG_WARN_DIRECT_OBJC_ISA_USAGE = YES_ERROR;
				CLANG_WARN_DOCUMENTATION_COMMENTS = YES;
				CLANG_WARN_EMPTY_BODY = YES;
				CLANG_WARN_ENUM_CONVERSION = YES;
				CLANG_WARN_INFINITE_RECURSION = YES;
				CLANG_WARN_INT_CONVERSION = YES;
				CLANG_WARN_OBJC_ROOT_CLASS = YES_ERROR;
				CLANG_WARN_SUSPICIOUS_MOVES = YES;
				CLANG_WARN_UNREACHABLE_CODE = YES;
				CLANG_WARN__DUPLICATE_METHOD_MATCH = YES;
				CODE_SIGN_IDENTITY = "-";
				COPY_PHASE_STRIP = NO;
				DEBUG_INFORMATION_FORMAT = "dwarf-with-dsym";
				ENABLE_NS_ASSERTIONS = NO;
				ENABLE_STRICT_OBJC_MSGSEND = YES;
				GCC_C_LANGUAGE_STANDARD = gnu99;
				GCC_NO_COMMON_BLOCKS = YES;
				GCC_WARN_64_TO_32_BIT_CONVERSION = YES;
				GCC_WARN_ABOUT_RETURN_TYPE = YES_ERROR;
				GCC_WARN_UNDECLARED_SELECTOR = YES;
				GCC_WARN_UNINITIALIZED_AUTOS = YES_AGGRESSIVE;
				GCC_WARN_UNUSED_FUNCTION = YES;
				GCC_WARN_UNUSED_VARIABLE = YES;
				MACOSX_DEPLOYMENT_TARGET = 10.11;
				MTL_ENABLE_DEBUG_INFO = NO;
				SDKROOT = macosx;
			};
			name = Release;
		};
		AACCF67F1DF088B7003E3B69 /* Debug */ = {
			isa = XCBuildConfiguration;
			buildSettings = {
				PRODUCT_NAME = "$(TARGET_NAME)";
				SWIFT_VERSION = 3.0;
			};
			name = Debug;
		};
		AACCF6801DF088B7003E3B69 /* Release */ = {
			isa = XCBuildConfiguration;
			buildSettings = {
				PRODUCT_NAME = "$(TARGET_NAME)";
				SWIFT_VERSION = 3.0;
			};
			name = Release;
		};
		AACCF68B1DF088F2003E3B69 /* Debug */ = {
			isa = XCBuildConfiguration;
			buildSettings = {
				COMBINE_HIDPI_IMAGES = YES;
				INFOPLIST_FILE = "day1-1_tests/Info.plist";
				LD_RUNPATH_SEARCH_PATHS = "$(inherited) @executable_path/../Frameworks @loader_path/../Frameworks";
				PRODUCT_BUNDLE_IDENTIFIER = "Steve-Gravrock.day1-1-tests";
				PRODUCT_NAME = "$(TARGET_NAME)";
				SWIFT_ACTIVE_COMPILATION_CONDITIONS = DEBUG;
				SWIFT_VERSION = 3.0;
			};
			name = Debug;
		};
		AACCF68C1DF088F2003E3B69 /* Release */ = {
			isa = XCBuildConfiguration;
			buildSettings = {
				COMBINE_HIDPI_IMAGES = YES;
				INFOPLIST_FILE = "day1-1_tests/Info.plist";
				LD_RUNPATH_SEARCH_PATHS = "$(inherited) @executable_path/../Frameworks @loader_path/../Frameworks";
				PRODUCT_BUNDLE_IDENTIFIER = "Steve-Gravrock.day1-1-tests";
				PRODUCT_NAME = "$(TARGET_NAME)";
				SWIFT_OPTIMIZATION_LEVEL = "-Owholemodule";
				SWIFT_VERSION = 3.0;
			};
			name = Release;
		};
/* End XCBuildConfiguration section */

/* Begin XCConfigurationList section */
		AACCF6721DF088B7003E3B69 /* Build configuration list for PBXProject "day1-1" */ = {
			isa = XCConfigurationList;
			buildConfigurations = (
				AACCF67C1DF088B7003E3B69 /* Debug */,
				AACCF67D1DF088B7003E3B69 /* Release */,
			);
			defaultConfigurationIsVisible = 0;
			defaultConfigurationName = Release;
		};
		AACCF67E1DF088B7003E3B69 /* Build configuration list for PBXNativeTarget "day1-1" */ = {
			isa = XCConfigurationList;
			buildConfigurations = (
				AACCF67F1DF088B7003E3B69 /* Debug */,
				AACCF6801DF088B7003E3B69 /* Release */,
			);
			defaultConfigurationIsVisible = 0;
		};
		AACCF68A1DF088F2003E3B69 /* Build configuration list for PBXNativeTarget "day1-1_tests" */ = {
			isa = XCConfigurationList;
			buildConfigurations = (
				AACCF68B1DF088F2003E3B69 /* Debug */,
				AACCF68C1DF088F2003E3B69 /* Release */,
			);
			defaultConfigurationIsVisible = 0;
		};
/* End XCConfigurationList section */
	};
	rootObject = AACCF66F1DF088B7003E3B69 /* Project object */;
}
