// !$*UTF8*$!
{
	archiveVersion = 1;
	classes = {
	};
	objectVersion = 46;
	objects = {

/* Begin PBXBuildFile section */
		AA5142041DF5027400A2F748 /* main.swift in Sources */ = {isa = PBXBuildFile; fileRef = AA5142031DF5027400A2F748 /* main.swift */; };
		AA5142111DF5028000A2F748 /* day4_2_tests.swift in Sources */ = {isa = PBXBuildFile; fileRef = AA5142101DF5028000A2F748 /* day4_2_tests.swift */; };
		AA5142171DF5028E00A2F748 /* day4-2.swift in Sources */ = {isa = PBXBuildFile; fileRef = AA5142161DF5028E00A2F748 /* day4-2.swift */; };
		AA5142181DF5028E00A2F748 /* day4-2.swift in Sources */ = {isa = PBXBuildFile; fileRef = AA5142161DF5028E00A2F748 /* day4-2.swift */; };
/* End PBXBuildFile section */

/* Begin PBXCopyFilesBuildPhase section */
		AA5141FE1DF5027400A2F748 /* CopyFiles */ = {
			isa = PBXCopyFilesBuildPhase;
			buildActionMask = 2147483647;
			dstPath = /usr/share/man/man1/;
			dstSubfolderSpec = 0;
			files = (
			);
			runOnlyForDeploymentPostprocessing = 1;
		};
/* End PBXCopyFilesBuildPhase section */

/* Begin PBXFileReference section */
		AA5142001DF5027400A2F748 /* day4-2 */ = {isa = PBXFileReference; explicitFileType = "compiled.mach-o.executable"; includeInIndex = 0; path = "day4-2"; sourceTree = BUILT_PRODUCTS_DIR; };
		AA5142031DF5027400A2F748 /* main.swift */ = {isa = PBXFileReference; lastKnownFileType = sourcecode.swift; path = main.swift; sourceTree = "<group>"; };
		AA51420E1DF5028000A2F748 /* day4-2_tests.xctest */ = {isa = PBXFileReference; explicitFileType = wrapper.cfbundle; includeInIndex = 0; path = "day4-2_tests.xctest"; sourceTree = BUILT_PRODUCTS_DIR; };
		AA5142101DF5028000A2F748 /* day4_2_tests.swift */ = {isa = PBXFileReference; lastKnownFileType = sourcecode.swift; path = day4_2_tests.swift; sourceTree = "<group>"; };
		AA5142121DF5028000A2F748 /* Info.plist */ = {isa = PBXFileReference; lastKnownFileType = text.plist.xml; path = Info.plist; sourceTree = "<group>"; };
		AA5142161DF5028E00A2F748 /* day4-2.swift */ = {isa = PBXFileReference; fileEncoding = 4; lastKnownFileType = sourcecode.swift; path = "day4-2.swift"; sourceTree = "<group>"; };
/* End PBXFileReference section */

/* Begin PBXFrameworksBuildPhase section */
		AA5141FD1DF5027400A2F748 /* Frameworks */ = {
			isa = PBXFrameworksBuildPhase;
			buildActionMask = 2147483647;
			files = (
			);
			runOnlyForDeploymentPostprocessing = 0;
		};
		AA51420B1DF5028000A2F748 /* Frameworks */ = {
			isa = PBXFrameworksBuildPhase;
			buildActionMask = 2147483647;
			files = (
			);
			runOnlyForDeploymentPostprocessing = 0;
		};
/* End PBXFrameworksBuildPhase section */

/* Begin PBXGroup section */
		AA5141F71DF5027400A2F748 = {
			isa = PBXGroup;
			children = (
				AA5142021DF5027400A2F748 /* day4-2 */,
				AA51420F1DF5028000A2F748 /* day4-2_tests */,
				AA5142011DF5027400A2F748 /* Products */,
			);
			sourceTree = "<group>";
		};
		AA5142011DF5027400A2F748 /* Products */ = {
			isa = PBXGroup;
			children = (
				AA5142001DF5027400A2F748 /* day4-2 */,
				AA51420E1DF5028000A2F748 /* day4-2_tests.xctest */,
			);
			name = Products;
			sourceTree = "<group>";
		};
		AA5142021DF5027400A2F748 /* day4-2 */ = {
			isa = PBXGroup;
			children = (
				AA5142031DF5027400A2F748 /* main.swift */,
				AA5142161DF5028E00A2F748 /* day4-2.swift */,
			);
			path = "day4-2";
			sourceTree = "<group>";
		};
		AA51420F1DF5028000A2F748 /* day4-2_tests */ = {
			isa = PBXGroup;
			children = (
				AA5142101DF5028000A2F748 /* day4_2_tests.swift */,
				AA5142121DF5028000A2F748 /* Info.plist */,
			);
			path = "day4-2_tests";
			sourceTree = "<group>";
		};
/* End PBXGroup section */

/* Begin PBXNativeTarget section */
		AA5141FF1DF5027400A2F748 /* day4-2 */ = {
			isa = PBXNativeTarget;
			buildConfigurationList = AA5142071DF5027400A2F748 /* Build configuration list for PBXNativeTarget "day4-2" */;
			buildPhases = (
				AA5141FC1DF5027400A2F748 /* Sources */,
				AA5141FD1DF5027400A2F748 /* Frameworks */,
				AA5141FE1DF5027400A2F748 /* CopyFiles */,
			);
			buildRules = (
			);
			dependencies = (
			);
			name = "day4-2";
			productName = "day4-2";
			productReference = AA5142001DF5027400A2F748 /* day4-2 */;
			productType = "com.apple.product-type.tool";
		};
		AA51420D1DF5028000A2F748 /* day4-2_tests */ = {
			isa = PBXNativeTarget;
			buildConfigurationList = AA5142131DF5028000A2F748 /* Build configuration list for PBXNativeTarget "day4-2_tests" */;
			buildPhases = (
				AA51420A1DF5028000A2F748 /* Sources */,
				AA51420B1DF5028000A2F748 /* Frameworks */,
				AA51420C1DF5028000A2F748 /* Resources */,
			);
			buildRules = (
			);
			dependencies = (
			);
			name = "day4-2_tests";
			productName = "day4-2_tests";
			productReference = AA51420E1DF5028000A2F748 /* day4-2_tests.xctest */;
			productType = "com.apple.product-type.bundle.unit-test";
		};
/* End PBXNativeTarget section */

/* Begin PBXProject section */
		AA5141F81DF5027400A2F748 /* Project object */ = {
			isa = PBXProject;
			attributes = {
				LastSwiftUpdateCheck = 0810;
				LastUpgradeCheck = 0810;
				ORGANIZATIONNAME = "Steve Gravrock";
				TargetAttributes = {
					AA5141FF1DF5027400A2F748 = {
						CreatedOnToolsVersion = 8.1;
						ProvisioningStyle = Automatic;
					};
					AA51420D1DF5028000A2F748 = {
						CreatedOnToolsVersion = 8.1;
						ProvisioningStyle = Automatic;
					};
				};
			};
			buildConfigurationList = AA5141FB1DF5027400A2F748 /* Build configuration list for PBXProject "day4-2" */;
			compatibilityVersion = "Xcode 3.2";
			developmentRegion = English;
			hasScannedForEncodings = 0;
			knownRegions = (
				en,
			);
			mainGroup = AA5141F71DF5027400A2F748;
			productRefGroup = AA5142011DF5027400A2F748 /* Products */;
			projectDirPath = "";
			projectRoot = "";
			targets = (
				AA5141FF1DF5027400A2F748 /* day4-2 */,
				AA51420D1DF5028000A2F748 /* day4-2_tests */,
			);
		};
/* End PBXProject section */

/* Begin PBXResourcesBuildPhase section */
		AA51420C1DF5028000A2F748 /* Resources */ = {
			isa = PBXResourcesBuildPhase;
			buildActionMask = 2147483647;
			files = (
			);
			runOnlyForDeploymentPostprocessing = 0;
		};
/* End PBXResourcesBuildPhase section */

/* Begin PBXSourcesBuildPhase section */
		AA5141FC1DF5027400A2F748 /* Sources */ = {
			isa = PBXSourcesBuildPhase;
			buildActionMask = 2147483647;
			files = (
				AA5142171DF5028E00A2F748 /* day4-2.swift in Sources */,
				AA5142041DF5027400A2F748 /* main.swift in Sources */,
			);
			runOnlyForDeploymentPostprocessing = 0;
		};
		AA51420A1DF5028000A2F748 /* Sources */ = {
			isa = PBXSourcesBuildPhase;
			buildActionMask = 2147483647;
			files = (
				AA5142181DF5028E00A2F748 /* day4-2.swift in Sources */,
				AA5142111DF5028000A2F748 /* day4_2_tests.swift in Sources */,
			);
			runOnlyForDeploymentPostprocessing = 0;
		};
/* End PBXSourcesBuildPhase section */

/* Begin XCBuildConfiguration section */
		AA5142051DF5027400A2F748 /* Debug */ = {
			isa = XCBuildConfiguration;
			buildSettings = {
				ALWAYS_SEARCH_USER_PATHS = NO;
				CLANG_ANALYZER_NONNULL = YES;
				CLANG_CXX_LANGUAGE_STANDARD = "gnu++0x";
				CLANG_CXX_LIBRARY = "libc++";
				CLANG_ENABLE_MODULES = YES;
				CLANG_ENABLE_OBJC_ARC = YES;
				CLANG_WARN_BOOL_CONVERSION = YES;
				CLANG_WARN_CONSTANT_CONVERSION = YES;
				CLANG_WARN_DIRECT_OBJC_ISA_USAGE = YES_ERROR;
				CLANG_WARN_DOCUMENTATION_COMMENTS = YES;
				CLANG_WARN_EMPTY_BODY = YES;
				CLANG_WARN_ENUM_CONVERSION = YES;
				CLANG_WARN_INFINITE_RECURSION = YES;
				CLANG_WARN_INT_CONVERSION = YES;
				CLANG_WARN_OBJC_ROOT_CLASS = YES_ERROR;
				CLANG_WARN_SUSPICIOUS_MOVES = YES;
				CLANG_WARN_UNREACHABLE_CODE = YES;
				CLANG_WARN__DUPLICATE_METHOD_MATCH = YES;
				CODE_SIGN_IDENTITY = "-";
				COPY_PHASE_STRIP = NO;
				DEBUG_INFORMATION_FORMAT = dwarf;
				ENABLE_STRICT_OBJC_MSGSEND = YES;
				ENABLE_TESTABILITY = YES;
				GCC_C_LANGUAGE_STANDARD = gnu99;
				GCC_DYNAMIC_NO_PIC = NO;
				GCC_NO_COMMON_BLOCKS = YES;
				GCC_OPTIMIZATION_LEVEL = 0;
				GCC_PREPROCESSOR_DEFINITIONS = (
					"DEBUG=1",
					"$(inherited)",
				);
				GCC_WARN_64_TO_32_BIT_CONVERSION = YES;
				GCC_WARN_ABOUT_RETURN_TYPE = YES_ERROR;
				GCC_WARN_UNDECLARED_SELECTOR = YES;
				GCC_WARN_UNINITIALIZED_AUTOS = YES_AGGRESSIVE;
				GCC_WARN_UNUSED_FUNCTION = YES;
				GCC_WARN_UNUSED_VARIABLE = YES;
				MACOSX_DEPLOYMENT_TARGET = 10.11;
				MTL_ENABLE_DEBUG_INFO = YES;
				ONLY_ACTIVE_ARCH = YES;
				SDKROOT = macosx;
				SWIFT_OPTIMIZATION_LEVEL = "-Onone";
			};
			name = Debug;
		};
		AA5142061DF5027400A2F748 /* Release */ = {
			isa = XCBuildConfiguration;
			buildSettings = {
				ALWAYS_SEARCH_USER_PATHS = NO;
				CLANG_ANALYZER_NONNULL = YES;
				CLANG_CXX_LANGUAGE_STANDARD = "gnu++0x";
				CLANG_CXX_LIBRARY = "libc++";
				CLANG_ENABLE_MODULES = YES;
				CLANG_ENABLE_OBJC_ARC = YES;
				CLANG_WARN_BOOL_CONVERSION = YES;
				CLANG_WARN_CONSTANT_CONVERSION = YES;
				CLANG_WARN_DIRECT_OBJC_ISA_USAGE = YES_ERROR;
				CLANG_WARN_DOCUMENTATION_COMMENTS = YES;
				CLANG_WARN_EMPTY_BODY = YES;
				CLANG_WARN_ENUM_CONVERSION = YES;
				CLANG_WARN_INFINITE_RECURSION = YES;
				CLANG_WARN_INT_CONVERSION = YES;
				CLANG_WARN_OBJC_ROOT_CLASS = YES_ERROR;
				CLANG_WARN_SUSPICIOUS_MOVES = YES;
				CLANG_WARN_UNREACHABLE_CODE = YES;
				CLANG_WARN__DUPLICATE_METHOD_MATCH = YES;
				CODE_SIGN_IDENTITY = "-";
				COPY_PHASE_STRIP = NO;
				DEBUG_INFORMATION_FORMAT = "dwarf-with-dsym";
				ENABLE_NS_ASSERTIONS = NO;
				ENABLE_STRICT_OBJC_MSGSEND = YES;
				GCC_C_LANGUAGE_STANDARD = gnu99;
				GCC_NO_COMMON_BLOCKS = YES;
				GCC_WARN_64_TO_32_BIT_CONVERSION = YES;
				GCC_WARN_ABOUT_RETURN_TYPE = YES_ERROR;
				GCC_WARN_UNDECLARED_SELECTOR = YES;
				GCC_WARN_UNINITIALIZED_AUTOS = YES_AGGRESSIVE;
				GCC_WARN_UNUSED_FUNCTION = YES;
				GCC_WARN_UNUSED_VARIABLE = YES;
				MACOSX_DEPLOYMENT_TARGET = 10.11;
				MTL_ENABLE_DEBUG_INFO = NO;
				SDKROOT = macosx;
			};
			name = Release;
		};
		AA5142081DF5027400A2F748 /* Debug */ = {
			isa = XCBuildConfiguration;
			buildSettings = {
				PRODUCT_NAME = "$(TARGET_NAME)";
				SWIFT_VERSION = 3.0;
			};
			name = Debug;
		};
		AA5142091DF5027400A2F748 /* Release */ = {
			isa = XCBuildConfiguration;
			buildSettings = {
				PRODUCT_NAME = "$(TARGET_NAME)";
				SWIFT_VERSION = 3.0;
			};
			name = Release;
		};
		AA5142141DF5028000A2F748 /* Debug */ = {
			isa = XCBuildConfiguration;
			buildSettings = {
				COMBINE_HIDPI_IMAGES = YES;
				INFOPLIST_FILE = "day4-2_tests/Info.plist";
				LD_RUNPATH_SEARCH_PATHS = "$(inherited) @executable_path/../Frameworks @loader_path/../Frameworks";
				PRODUCT_BUNDLE_IDENTIFIER = "Steve-Gravrock.day4-2-tests";
				PRODUCT_NAME = "$(TARGET_NAME)";
				SWIFT_ACTIVE_COMPILATION_CONDITIONS = DEBUG;
				SWIFT_VERSION = 3.0;
			};
			name = Debug;
		};
		AA5142151DF5028000A2F748 /* Release */ = {
			isa = XCBuildConfiguration;
			buildSettings = {
				COMBINE_HIDPI_IMAGES = YES;
				INFOPLIST_FILE = "day4-2_tests/Info.plist";
				LD_RUNPATH_SEARCH_PATHS = "$(inherited) @executable_path/../Frameworks @loader_path/../Frameworks";
				PRODUCT_BUNDLE_IDENTIFIER = "Steve-Gravrock.day4-2-tests";
				PRODUCT_NAME = "$(TARGET_NAME)";
				SWIFT_OPTIMIZATION_LEVEL = "-Owholemodule";
				SWIFT_VERSION = 3.0;
			};
			name = Release;
		};
/* End XCBuildConfiguration section */

/* Begin XCConfigurationList section */
		AA5141FB1DF5027400A2F748 /* Build configuration list for PBXProject "day4-2" */ = {
			isa = XCConfigurationList;
			buildConfigurations = (
				AA5142051DF5027400A2F748 /* Debug */,
				AA5142061DF5027400A2F748 /* Release */,
			);
			defaultConfigurationIsVisible = 0;
			defaultConfigurationName = Release;
		};
		AA5142071DF5027400A2F748 /* Build configuration list for PBXNativeTarget "day4-2" */ = {
			isa = XCConfigurationList;
			buildConfigurations = (
				AA5142081DF5027400A2F748 /* Debug */,
				AA5142091DF5027400A2F748 /* Release */,
			);
			defaultConfigurationIsVisible = 0;
		};
		AA5142131DF5028000A2F748 /* Build configuration list for PBXNativeTarget "day4-2_tests" */ = {
			isa = XCConfigurationList;
			buildConfigurations = (
				AA5142141DF5028000A2F748 /* Debug */,
				AA5142151DF5028000A2F748 /* Release */,
			);
			defaultConfigurationIsVisible = 0;
		};
/* End XCConfigurationList section */
	};
	rootObject = AA5141F81DF5027400A2F748 /* Project object */;
}
