// !$*UTF8*$!
{
	archiveVersion = 1;
	classes = {
	};
	objectVersion = 46;
	objects = {

/* Begin PBXBuildFile section */
		AA16F15E1DB73FB500E997C4 /* day14_2.swift in Sources */ = {isa = PBXBuildFile; fileRef = AA75AA621DB3041B00A6263F /* day14_2.swift */; };
		AA75AA501DB303FF00A6263F /* main.swift in Sources */ = {isa = PBXBuildFile; fileRef = AA75AA4F1DB303FF00A6263F /* main.swift */; };
		AA75AA5D1DB3040D00A6263F /* day14_2_tests.swift in Sources */ = {isa = PBXBuildFile; fileRef = AA75AA5C1DB3040D00A6263F /* day14_2_tests.swift */; };
		AA75AA631DB3041B00A6263F /* day14_2.swift in Sources */ = {isa = PBXBuildFile; fileRef = AA75AA621DB3041B00A6263F /* day14_2.swift */; };
/* End PBXBuildFile section */

/* Begin PBXCopyFilesBuildPhase section */
		AA75AA4A1DB303FF00A6263F /* CopyFiles */ = {
			isa = PBXCopyFilesBuildPhase;
			buildActionMask = 2147483647;
			dstPath = /usr/share/man/man1/;
			dstSubfolderSpec = 0;
			files = (
			);
			runOnlyForDeploymentPostprocessing = 1;
		};
/* End PBXCopyFilesBuildPhase section */

/* Begin PBXFileReference section */
		AA75AA4C1DB303FF00A6263F /* day14_2 */ = {isa = PBXFileReference; explicitFileType = "compiled.mach-o.executable"; includeInIndex = 0; path = day14_2; sourceTree = BUILT_PRODUCTS_DIR; };
		AA75AA4F1DB303FF00A6263F /* main.swift */ = {isa = PBXFileReference; lastKnownFileType = sourcecode.swift; path = main.swift; sourceTree = "<group>"; };
		AA75AA5A1DB3040D00A6263F /* day14_2_tests.xctest */ = {isa = PBXFileReference; explicitFileType = wrapper.cfbundle; includeInIndex = 0; path = day14_2_tests.xctest; sourceTree = BUILT_PRODUCTS_DIR; };
		AA75AA5C1DB3040D00A6263F /* day14_2_tests.swift */ = {isa = PBXFileReference; lastKnownFileType = sourcecode.swift; path = day14_2_tests.swift; sourceTree = "<group>"; };
		AA75AA5E1DB3040D00A6263F /* Info.plist */ = {isa = PBXFileReference; lastKnownFileType = text.plist.xml; path = Info.plist; sourceTree = "<group>"; };
		AA75AA621DB3041B00A6263F /* day14_2.swift */ = {isa = PBXFileReference; fileEncoding = 4; lastKnownFileType = sourcecode.swift; path = day14_2.swift; sourceTree = "<group>"; };
/* End PBXFileReference section */

/* Begin PBXFrameworksBuildPhase section */
		AA75AA491DB303FF00A6263F /* Frameworks */ = {
			isa = PBXFrameworksBuildPhase;
			buildActionMask = 2147483647;
			files = (
			);
			runOnlyForDeploymentPostprocessing = 0;
		};
		AA75AA571DB3040D00A6263F /* Frameworks */ = {
			isa = PBXFrameworksBuildPhase;
			buildActionMask = 2147483647;
			files = (
			);
			runOnlyForDeploymentPostprocessing = 0;
		};
/* End PBXFrameworksBuildPhase section */

/* Begin PBXGroup section */
		AA75AA431DB303FF00A6263F = {
			isa = PBXGroup;
			children = (
				AA75AA4E1DB303FF00A6263F /* day14_2 */,
				AA75AA5B1DB3040D00A6263F /* day14_2_tests */,
				AA75AA4D1DB303FF00A6263F /* Products */,
			);
			sourceTree = "<group>";
		};
		AA75AA4D1DB303FF00A6263F /* Products */ = {
			isa = PBXGroup;
			children = (
				AA75AA4C1DB303FF00A6263F /* day14_2 */,
				AA75AA5A1DB3040D00A6263F /* day14_2_tests.xctest */,
			);
			name = Products;
			sourceTree = "<group>";
		};
		AA75AA4E1DB303FF00A6263F /* day14_2 */ = {
			isa = PBXGroup;
			children = (
				AA75AA4F1DB303FF00A6263F /* main.swift */,
				AA75AA621DB3041B00A6263F /* day14_2.swift */,
			);
			path = day14_2;
			sourceTree = "<group>";
		};
		AA75AA5B1DB3040D00A6263F /* day14_2_tests */ = {
			isa = PBXGroup;
			children = (
				AA75AA5C1DB3040D00A6263F /* day14_2_tests.swift */,
				AA75AA5E1DB3040D00A6263F /* Info.plist */,
			);
			path = day14_2_tests;
			sourceTree = "<group>";
		};
/* End PBXGroup section */

/* Begin PBXNativeTarget section */
		AA75AA4B1DB303FF00A6263F /* day14_2 */ = {
			isa = PBXNativeTarget;
			buildConfigurationList = AA75AA531DB303FF00A6263F /* Build configuration list for PBXNativeTarget "day14_2" */;
			buildPhases = (
				AA75AA481DB303FF00A6263F /* Sources */,
				AA75AA491DB303FF00A6263F /* Frameworks */,
				AA75AA4A1DB303FF00A6263F /* CopyFiles */,
			);
			buildRules = (
			);
			dependencies = (
			);
			name = day14_2;
			productName = day14_2;
			productReference = AA75AA4C1DB303FF00A6263F /* day14_2 */;
			productType = "com.apple.product-type.tool";
		};
		AA75AA591DB3040D00A6263F /* day14_2_tests */ = {
			isa = PBXNativeTarget;
			buildConfigurationList = AA75AA5F1DB3040D00A6263F /* Build configuration list for PBXNativeTarget "day14_2_tests" */;
			buildPhases = (
				AA75AA561DB3040D00A6263F /* Sources */,
				AA75AA571DB3040D00A6263F /* Frameworks */,
				AA75AA581DB3040D00A6263F /* Resources */,
			);
			buildRules = (
			);
			dependencies = (
			);
			name = day14_2_tests;
			productName = day14_2_tests;
			productReference = AA75AA5A1DB3040D00A6263F /* day14_2_tests.xctest */;
			productType = "com.apple.product-type.bundle.unit-test";
		};
/* End PBXNativeTarget section */

/* Begin PBXProject section */
		AA75AA441DB303FF00A6263F /* Project object */ = {
			isa = PBXProject;
			attributes = {
				LastSwiftUpdateCheck = 0800;
				LastUpgradeCheck = 0800;
				ORGANIZATIONNAME = "Steve Gravrock";
				TargetAttributes = {
					AA75AA4B1DB303FF00A6263F = {
						CreatedOnToolsVersion = 8.0;
						ProvisioningStyle = Automatic;
					};
					AA75AA591DB3040D00A6263F = {
						CreatedOnToolsVersion = 8.0;
						ProvisioningStyle = Automatic;
					};
				};
			};
			buildConfigurationList = AA75AA471DB303FF00A6263F /* Build configuration list for PBXProject "day14_2" */;
			compatibilityVersion = "Xcode 3.2";
			developmentRegion = English;
			hasScannedForEncodings = 0;
			knownRegions = (
				en,
			);
			mainGroup = AA75AA431DB303FF00A6263F;
			productRefGroup = AA75AA4D1DB303FF00A6263F /* Products */;
			projectDirPath = "";
			projectRoot = "";
			targets = (
				AA75AA4B1DB303FF00A6263F /* day14_2 */,
				AA75AA591DB3040D00A6263F /* day14_2_tests */,
			);
		};
/* End PBXProject section */

/* Begin PBXResourcesBuildPhase section */
		AA75AA581DB3040D00A6263F /* Resources */ = {
			isa = PBXResourcesBuildPhase;
			buildActionMask = 2147483647;
			files = (
			);
			runOnlyForDeploymentPostprocessing = 0;
		};
/* End PBXResourcesBuildPhase section */

/* Begin PBXSourcesBuildPhase section */
		AA75AA481DB303FF00A6263F /* Sources */ = {
			isa = PBXSourcesBuildPhase;
			buildActionMask = 2147483647;
			files = (
				AA75AA631DB3041B00A6263F /* day14_2.swift in Sources */,
				AA75AA501DB303FF00A6263F /* main.swift in Sources */,
			);
			runOnlyForDeploymentPostprocessing = 0;
		};
		AA75AA561DB3040D00A6263F /* Sources */ = {
			isa = PBXSourcesBuildPhase;
			buildActionMask = 2147483647;
			files = (
				AA16F15E1DB73FB500E997C4 /* day14_2.swift in Sources */,
				AA75AA5D1DB3040D00A6263F /* day14_2_tests.swift in Sources */,
			);
			runOnlyForDeploymentPostprocessing = 0;
		};
/* End PBXSourcesBuildPhase section */

/* Begin XCBuildConfiguration section */
		AA75AA511DB303FF00A6263F /* Debug */ = {
			isa = XCBuildConfiguration;
			buildSettings = {
				ALWAYS_SEARCH_USER_PATHS = NO;
				CLANG_ANALYZER_NONNULL = YES;
				CLANG_CXX_LANGUAGE_STANDARD = "gnu++0x";
				CLANG_CXX_LIBRARY = "libc++";
				CLANG_ENABLE_MODULES = YES;
				CLANG_ENABLE_OBJC_ARC = YES;
				CLANG_WARN_BOOL_CONVERSION = YES;
				CLANG_WARN_CONSTANT_CONVERSION = YES;
				CLANG_WARN_DIRECT_OBJC_ISA_USAGE = YES_ERROR;
				CLANG_WARN_DOCUMENTATION_COMMENTS = YES;
				CLANG_WARN_EMPTY_BODY = YES;
				CLANG_WARN_ENUM_CONVERSION = YES;
				CLANG_WARN_INFINITE_RECURSION = YES;
				CLANG_WARN_INT_CONVERSION = YES;
				CLANG_WARN_OBJC_ROOT_CLASS = YES_ERROR;
				CLANG_WARN_SUSPICIOUS_MOVES = YES;
				CLANG_WARN_UNREACHABLE_CODE = YES;
				CLANG_WARN__DUPLICATE_METHOD_MATCH = YES;
				CODE_SIGN_IDENTITY = "-";
				COPY_PHASE_STRIP = NO;
				DEBUG_INFORMATION_FORMAT = dwarf;
				ENABLE_STRICT_OBJC_MSGSEND = YES;
				ENABLE_TESTABILITY = YES;
				GCC_C_LANGUAGE_STANDARD = gnu99;
				GCC_DYNAMIC_NO_PIC = NO;
				GCC_NO_COMMON_BLOCKS = YES;
				GCC_OPTIMIZATION_LEVEL = 0;
				GCC_PREPROCESSOR_DEFINITIONS = (
					"DEBUG=1",
					"$(inherited)",
				);
				GCC_WARN_64_TO_32_BIT_CONVERSION = YES;
				GCC_WARN_ABOUT_RETURN_TYPE = YES_ERROR;
				GCC_WARN_UNDECLARED_SELECTOR = YES;
				GCC_WARN_UNINITIALIZED_AUTOS = YES_AGGRESSIVE;
				GCC_WARN_UNUSED_FUNCTION = YES;
				GCC_WARN_UNUSED_VARIABLE = YES;
				MACOSX_DEPLOYMENT_TARGET = 10.11;
				MTL_ENABLE_DEBUG_INFO = YES;
				ONLY_ACTIVE_ARCH = YES;
				SDKROOT = macosx;
				SWIFT_OPTIMIZATION_LEVEL = "-Onone";
			};
			name = Debug;
		};
		AA75AA521DB303FF00A6263F /* Release */ = {
			isa = XCBuildConfiguration;
			buildSettings = {
				ALWAYS_SEARCH_USER_PATHS = NO;
				CLANG_ANALYZER_NONNULL = YES;
				CLANG_CXX_LANGUAGE_STANDARD = "gnu++0x";
				CLANG_CXX_LIBRARY = "libc++";
				CLANG_ENABLE_MODULES = YES;
				CLANG_ENABLE_OBJC_ARC = YES;
				CLANG_WARN_BOOL_CONVERSION = YES;
				CLANG_WARN_CONSTANT_CONVERSION = YES;
				CLANG_WARN_DIRECT_OBJC_ISA_USAGE = YES_ERROR;
				CLANG_WARN_DOCUMENTATION_COMMENTS = YES;
				CLANG_WARN_EMPTY_BODY = YES;
				CLANG_WARN_ENUM_CONVERSION = YES;
				CLANG_WARN_INFINITE_RECURSION = YES;
				CLANG_WARN_INT_CONVERSION = YES;
				CLANG_WARN_OBJC_ROOT_CLASS = YES_ERROR;
				CLANG_WARN_SUSPICIOUS_MOVES = YES;
				CLANG_WARN_UNREACHABLE_CODE = YES;
				CLANG_WARN__DUPLICATE_METHOD_MATCH = YES;
				CODE_SIGN_IDENTITY = "-";
				COPY_PHASE_STRIP = NO;
				DEBUG_INFORMATION_FORMAT = "dwarf-with-dsym";
				ENABLE_NS_ASSERTIONS = NO;
				ENABLE_STRICT_OBJC_MSGSEND = YES;
				GCC_C_LANGUAGE_STANDARD = gnu99;
				GCC_NO_COMMON_BLOCKS = YES;
				GCC_WARN_64_TO_32_BIT_CONVERSION = YES;
				GCC_WARN_ABOUT_RETURN_TYPE = YES_ERROR;
				GCC_WARN_UNDECLARED_SELECTOR = YES;
				GCC_WARN_UNINITIALIZED_AUTOS = YES_AGGRESSIVE;
				GCC_WARN_UNUSED_FUNCTION = YES;
				GCC_WARN_UNUSED_VARIABLE = YES;
				MACOSX_DEPLOYMENT_TARGET = 10.11;
				MTL_ENABLE_DEBUG_INFO = NO;
				SDKROOT = macosx;
			};
			name = Release;
		};
		AA75AA541DB303FF00A6263F /* Debug */ = {
			isa = XCBuildConfiguration;
			buildSettings = {
				PRODUCT_NAME = "$(TARGET_NAME)";
				SWIFT_VERSION = 3.0;
			};
			name = Debug;
		};
		AA75AA551DB303FF00A6263F /* Release */ = {
			isa = XCBuildConfiguration;
			buildSettings = {
				PRODUCT_NAME = "$(TARGET_NAME)";
				SWIFT_VERSION = 3.0;
			};
			name = Release;
		};
		AA75AA601DB3040D00A6263F /* Debug */ = {
			isa = XCBuildConfiguration;
			buildSettings = {
				COMBINE_HIDPI_IMAGES = YES;
				INFOPLIST_FILE = day14_2_tests/Info.plist;
				LD_RUNPATH_SEARCH_PATHS = "$(inherited) @executable_path/../Frameworks @loader_path/../Frameworks";
				PRODUCT_BUNDLE_IDENTIFIER = "Steve-Gravrock.day5-1-tests";
				PRODUCT_NAME = "$(TARGET_NAME)";
				SWIFT_ACTIVE_COMPILATION_CONDITIONS = DEBUG;
				SWIFT_VERSION = 3.0;
			};
			name = Debug;
		};
		AA75AA611DB3040D00A6263F /* Release */ = {
			isa = XCBuildConfiguration;
			buildSettings = {
				COMBINE_HIDPI_IMAGES = YES;
				INFOPLIST_FILE = day14_2_tests/Info.plist;
				LD_RUNPATH_SEARCH_PATHS = "$(inherited) @executable_path/../Frameworks @loader_path/../Frameworks";
				PRODUCT_BUNDLE_IDENTIFIER = "Steve-Gravrock.day5-1-tests";
				PRODUCT_NAME = "$(TARGET_NAME)";
				SWIFT_OPTIMIZATION_LEVEL = "-Owholemodule";
				SWIFT_VERSION = 3.0;
			};
			name = Release;
		};
/* End XCBuildConfiguration section */

/* Begin XCConfigurationList section */
		AA75AA471DB303FF00A6263F /* Build configuration list for PBXProject "day14_2" */ = {
			isa = XCConfigurationList;
			buildConfigurations = (
				AA75AA511DB303FF00A6263F /* Debug */,
				AA75AA521DB303FF00A6263F /* Release */,
			);
			defaultConfigurationIsVisible = 0;
			defaultConfigurationName = Release;
		};
		AA75AA531DB303FF00A6263F /* Build configuration list for PBXNativeTarget "day14_2" */ = {
			isa = XCConfigurationList;
			buildConfigurations = (
				AA75AA541DB303FF00A6263F /* Debug */,
				AA75AA551DB303FF00A6263F /* Release */,
			);
			defaultConfigurationIsVisible = 0;
			defaultConfigurationName = Release;
		};
		AA75AA5F1DB3040D00A6263F /* Build configuration list for PBXNativeTarget "day14_2_tests" */ = {
			isa = XCConfigurationList;
			buildConfigurations = (
				AA75AA601DB3040D00A6263F /* Debug */,
				AA75AA611DB3040D00A6263F /* Release */,
			);
			defaultConfigurationIsVisible = 0;
			defaultConfigurationName = Release;
		};
/* End XCConfigurationList section */
	};
	rootObject = AA75AA441DB303FF00A6263F /* Project object */;
}
